
Microsoft Visual Studio Solution File, Format Version 12.00
# Visual Studio Version 17
VisualStudioVersion = 17.0.31903.59
MinimumVisualStudioVersion = 10.0.40219.1
Project("{2150E333-8FDC-42A3-9474-1A3956D46DE8}") = "src", "src", "{66AD442A-D779-4008-BC8B-EBCA8F2648E1}"
EndProject
Project("{FAE04EC0-301F-11D3-BF4B-00C04F79EFBC}") = "AuctionService", "src\AuctionService\AuctionService.csproj", "{5A84EF11-A25B-4C4C-B465-CDCF75655B38}"
EndProject
Project("{FAE04EC0-301F-11D3-BF4B-00C04F79EFBC}") = "SearchService", "src\SearchService\SearchService.csproj", "{1F992B67-3C24-4908-8D8C-81D5073F641B}"
EndProject
Project("{FAE04EC0-301F-11D3-BF4B-00C04F79EFBC}") = "Contracts", "src\contracts\Contracts.csproj", "{DC2A3C2E-8315-4B83-81CA-9A19B5F87509}"
EndProject
Global
	GlobalSection(SolutionConfigurationPlatforms) = preSolution
		Debug|Any CPU = Debug|Any CPU
		Release|Any CPU = Release|Any CPU
	EndGlobalSection
	GlobalSection(SolutionProperties) = preSolution
		HideSolutionNode = FALSE
	EndGlobalSection
	GlobalSection(ProjectConfigurationPlatforms) = postSolution
		{5A84EF11-A25B-4C4C-B465-CDCF75655B38}.Debug|Any CPU.ActiveCfg = Debug|Any CPU
		{5A84EF11-A25B-4C4C-B465-CDCF75655B38}.Debug|Any CPU.Build.0 = Debug|Any CPU
		{5A84EF11-A25B-4C4C-B465-CDCF75655B38}.Release|Any CPU.ActiveCfg = Release|Any CPU
		{5A84EF11-A25B-4C4C-B465-CDCF75655B38}.Release|Any CPU.Build.0 = Release|Any CPU
		{1F992B67-3C24-4908-8D8C-81D5073F641B}.Debug|Any CPU.ActiveCfg = Debug|Any CPU
		{1F992B67-3C24-4908-8D8C-81D5073F641B}.Debug|Any CPU.Build.0 = Debug|Any CPU
		{1F992B67-3C24-4908-8D8C-81D5073F641B}.Release|Any CPU.ActiveCfg = Release|Any CPU
		{1F992B67-3C24-4908-8D8C-81D5073F641B}.Release|Any CPU.Build.0 = Release|Any CPU
		{DC2A3C2E-8315-4B83-81CA-9A19B5F87509}.Debug|Any CPU.ActiveCfg = Debug|Any CPU
		{DC2A3C2E-8315-4B83-81CA-9A19B5F87509}.Debug|Any CPU.Build.0 = Debug|Any CPU
		{DC2A3C2E-8315-4B83-81CA-9A19B5F87509}.Release|Any CPU.ActiveCfg = Release|Any CPU
		{DC2A3C2E-8315-4B83-81CA-9A19B5F87509}.Release|Any CPU.Build.0 = Release|Any CPU
	EndGlobalSection
	GlobalSection(NestedProjects) = preSolution
		{5A84EF11-A25B-4C4C-B465-CDCF75655B38} = {66AD442A-D779-4008-BC8B-EBCA8F2648E1}
		{1F992B67-3C24-4908-8D8C-81D5073F641B} = {66AD442A-D779-4008-BC8B-EBCA8F2648E1}
		{DC2A3C2E-8315-4B83-81CA-9A19B5F87509} = {66AD442A-D779-4008-BC8B-EBCA8F2648E1}
	EndGlobalSection
EndGlobal
